
Microsoft Visual Studio Solution File, Format Version 12.00
# Visual Studio Version 17
VisualStudioVersion = 17.5.33516.290
MinimumVisualStudioVersion = 10.0.40219.1
Project("{FAE04EC0-301F-11D3-BF4B-00C04F79EFBC}") = "HashTable_Dictionary_Viewer", "HashTable_Dictionary_Viewer\HashTable_Dictionary_Viewer.csproj", "{3939FCC7-3700-41B4-A13A-929710807ABE}"
EndProject
Global
	GlobalSection(SolutionConfigurationPlatforms) = preSolution
		Debug|Any CPU = Debug|Any CPU
		Release|Any CPU = Release|Any CPU
	EndGlobalSection
	GlobalSection(ProjectConfigurationPlatforms) = postSolution
		{3939FCC7-3700-41B4-A13A-929710807ABE}.Debug|Any CPU.ActiveCfg = Debug|Any CPU
		{3939FCC7-3700-41B4-A13A-929710807ABE}.Debug|Any CPU.Build.0 = Debug|Any CPU
		{3939FCC7-3700-41B4-A13A-929710807ABE}.Release|Any CPU.ActiveCfg = Release|Any CPU
		{3939FCC7-3700-41B4-A13A-929710807ABE}.Release|Any CPU.Build.0 = Release|Any CPU
	EndGlobalSection
	GlobalSection(SolutionProperties) = preSolution
		HideSolutionNode = FALSE
	EndGlobalSection
	GlobalSection(ExtensibilityGlobals) = postSolution
		SolutionGuid = {5270A2D5-A2AB-4E06-BAFC-8389543EDC85}
	EndGlobalSection
EndGlobal
